// !$*UTF8*$!
{
	archiveVersion = 1;
	classes = {
	};
	objectVersion = 46;
	objects = {

/* Begin PBXBuildFile section */
		50841EAA1DFFE0E600596ACC /* AppDelegate.swift in Sources */ = {isa = PBXBuildFile; fileRef = 50841EA91DFFE0E600596ACC /* AppDelegate.swift */; };
		50841EAC1DFFE0E600596ACC /* ViewController.swift in Sources */ = {isa = PBXBuildFile; fileRef = 50841EAB1DFFE0E600596ACC /* ViewController.swift */; };
		50841EAF1DFFE0E600596ACC /* Main.storyboard in Resources */ = {isa = PBXBuildFile; fileRef = 50841EAD1DFFE0E600596ACC /* Main.storyboard */; };
		50841EB11DFFE0E600596ACC /* Assets.xcassets in Resources */ = {isa = PBXBuildFile; fileRef = 50841EB01DFFE0E600596ACC /* Assets.xcassets */; };
		50841EB41DFFE0E600596ACC /* LaunchScreen.storyboard in Resources */ = {isa = PBXBuildFile; fileRef = 50841EB21DFFE0E600596ACC /* LaunchScreen.storyboard */; };
		50841EBF1DFFE0E600596ACC /* iOSAutoBuildManualTests.swift in Sources */ = {isa = PBXBuildFile; fileRef = 50841EBE1DFFE0E600596ACC /* iOSAutoBuildManualTests.swift */; };
		50DDD1C01DFFE1F600F88E90 /* NumberOperationUtility.swift in Sources */ = {isa = PBXBuildFile; fileRef = 50DDD1BF1DFFE1F600F88E90 /* NumberOperationUtility.swift */; };
		50DDD1C11DFFE1F600F88E90 /* NumberOperationUtility.swift in Sources */ = {isa = PBXBuildFile; fileRef = 50DDD1BF1DFFE1F600F88E90 /* NumberOperationUtility.swift */; };
/* End PBXBuildFile section */

/* Begin PBXContainerItemProxy section */
		50841EBB1DFFE0E600596ACC /* PBXContainerItemProxy */ = {
			isa = PBXContainerItemProxy;
			containerPortal = 50841E9E1DFFE0E600596ACC /* Project object */;
			proxyType = 1;
			remoteGlobalIDString = 50841EA51DFFE0E600596ACC;
			remoteInfo = iOSAutoBuildManual;
		};
/* End PBXContainerItemProxy section */

/* Begin PBXFileReference section */
		50841EA61DFFE0E600596ACC /* iOSAutoBuildManual.app */ = {isa = PBXFileReference; explicitFileType = wrapper.application; includeInIndex = 0; path = iOSAutoBuildManual.app; sourceTree = BUILT_PRODUCTS_DIR; };
		50841EA91DFFE0E600596ACC /* AppDelegate.swift */ = {isa = PBXFileReference; lastKnownFileType = sourcecode.swift; path = AppDelegate.swift; sourceTree = "<group>"; };
		50841EAB1DFFE0E600596ACC /* ViewController.swift */ = {isa = PBXFileReference; lastKnownFileType = sourcecode.swift; path = ViewController.swift; sourceTree = "<group>"; };
		50841EAE1DFFE0E600596ACC /* Base */ = {isa = PBXFileReference; lastKnownFileType = file.storyboard; name = Base; path = Base.lproj/Main.storyboard; sourceTree = "<group>"; };
		50841EB01DFFE0E600596ACC /* Assets.xcassets */ = {isa = PBXFileReference; lastKnownFileType = folder.assetcatalog; path = Assets.xcassets; sourceTree = "<group>"; };
		50841EB31DFFE0E600596ACC /* Base */ = {isa = PBXFileReference; lastKnownFileType = file.storyboard; name = Base; path = Base.lproj/LaunchScreen.storyboard; sourceTree = "<group>"; };
		50841EB51DFFE0E600596ACC /* Info.plist */ = {isa = PBXFileReference; lastKnownFileType = text.plist.xml; path = Info.plist; sourceTree = "<group>"; };
		50841EBA1DFFE0E600596ACC /* iOSAutoBuildManualTests.xctest */ = {isa = PBXFileReference; explicitFileType = wrapper.cfbundle; includeInIndex = 0; path = iOSAutoBuildManualTests.xctest; sourceTree = BUILT_PRODUCTS_DIR; };
		50841EBE1DFFE0E600596ACC /* iOSAutoBuildManualTests.swift */ = {isa = PBXFileReference; lastKnownFileType = sourcecode.swift; path = iOSAutoBuildManualTests.swift; sourceTree = "<group>"; };
		50841EC01DFFE0E600596ACC /* Info.plist */ = {isa = PBXFileReference; lastKnownFileType = text.plist.xml; path = Info.plist; sourceTree = "<group>"; };
		50DDD1BF1DFFE1F600F88E90 /* NumberOperationUtility.swift */ = {isa = PBXFileReference; fileEncoding = 4; lastKnownFileType = sourcecode.swift; path = NumberOperationUtility.swift; sourceTree = "<group>"; };
/* End PBXFileReference section */

/* Begin PBXFrameworksBuildPhase section */
		50841EA31DFFE0E600596ACC /* Frameworks */ = {
			isa = PBXFrameworksBuildPhase;
			buildActionMask = 2147483647;
			files = (
			);
			runOnlyForDeploymentPostprocessing = 0;
		};
		50841EB71DFFE0E600596ACC /* Frameworks */ = {
			isa = PBXFrameworksBuildPhase;
			buildActionMask = 2147483647;
			files = (
			);
			runOnlyForDeploymentPostprocessing = 0;
		};
/* End PBXFrameworksBuildPhase section */

/* Begin PBXGroup section */
		50841E9D1DFFE0E600596ACC = {
			isa = PBXGroup;
			children = (
				50841EA81DFFE0E600596ACC /* iOSAutoBuildManual */,
				50841EBD1DFFE0E600596ACC /* iOSAutoBuildManualTests */,
				50841EA71DFFE0E600596ACC /* Products */,
			);
			sourceTree = "<group>";
		};
		50841EA71DFFE0E600596ACC /* Products */ = {
			isa = PBXGroup;
			children = (
				50841EA61DFFE0E600596ACC /* iOSAutoBuildManual.app */,
				50841EBA1DFFE0E600596ACC /* iOSAutoBuildManualTests.xctest */,
			);
			name = Products;
			sourceTree = "<group>";
		};
		50841EA81DFFE0E600596ACC /* iOSAutoBuildManual */ = {
			isa = PBXGroup;
			children = (
				50841EA91DFFE0E600596ACC /* AppDelegate.swift */,
				50841EAB1DFFE0E600596ACC /* ViewController.swift */,
				50841EAD1DFFE0E600596ACC /* Main.storyboard */,
				50841EB01DFFE0E600596ACC /* Assets.xcassets */,
				50841EB21DFFE0E600596ACC /* LaunchScreen.storyboard */,
				50841EB51DFFE0E600596ACC /* Info.plist */,
				50DDD1BF1DFFE1F600F88E90 /* NumberOperationUtility.swift */,
			);
			path = iOSAutoBuildManual;
			sourceTree = "<group>";
		};
		50841EBD1DFFE0E600596ACC /* iOSAutoBuildManualTests */ = {
			isa = PBXGroup;
			children = (
				50841EBE1DFFE0E600596ACC /* iOSAutoBuildManualTests.swift */,
				50841EC01DFFE0E600596ACC /* Info.plist */,
			);
			path = iOSAutoBuildManualTests;
			sourceTree = "<group>";
		};
/* End PBXGroup section */

/* Begin PBXNativeTarget section */
		50841EA51DFFE0E600596ACC /* iOSAutoBuildManual */ = {
			isa = PBXNativeTarget;
			buildConfigurationList = 50841EC31DFFE0E600596ACC /* Build configuration list for PBXNativeTarget "iOSAutoBuildManual" */;
			buildPhases = (
				50841EA21DFFE0E600596ACC /* Sources */,
				50841EA31DFFE0E600596ACC /* Frameworks */,
				50841EA41DFFE0E600596ACC /* Resources */,
			);
			buildRules = (
			);
			dependencies = (
			);
			name = iOSAutoBuildManual;
			productName = iOSAutoBuildManual;
			productReference = 50841EA61DFFE0E600596ACC /* iOSAutoBuildManual.app */;
			productType = "com.apple.product-type.application";
		};
		50841EB91DFFE0E600596ACC /* iOSAutoBuildManualTests */ = {
			isa = PBXNativeTarget;
			buildConfigurationList = 50841EC61DFFE0E600596ACC /* Build configuration list for PBXNativeTarget "iOSAutoBuildManualTests" */;
			buildPhases = (
				50841EB61DFFE0E600596ACC /* Sources */,
				50841EB71DFFE0E600596ACC /* Frameworks */,
				50841EB81DFFE0E600596ACC /* Resources */,
			);
			buildRules = (
			);
			dependencies = (
				50841EBC1DFFE0E600596ACC /* PBXTargetDependency */,
			);
			name = iOSAutoBuildManualTests;
			productName = iOSAutoBuildManualTests;
			productReference = 50841EBA1DFFE0E600596ACC /* iOSAutoBuildManualTests.xctest */;
			productType = "com.apple.product-type.bundle.unit-test";
		};
/* End PBXNativeTarget section */

/* Begin PBXProject section */
		50841E9E1DFFE0E600596ACC /* Project object */ = {
			isa = PBXProject;
			attributes = {
				LastSwiftUpdateCheck = 0810;
				LastUpgradeCheck = 0810;
				ORGANIZATIONNAME = Bowen;
				TargetAttributes = {
					50841EA51DFFE0E600596ACC = {
						CreatedOnToolsVersion = 8.1;
						DevelopmentTeam = D5SNDYZ6G9;
						ProvisioningStyle = Manual;
					};
					50841EB91DFFE0E600596ACC = {
						CreatedOnToolsVersion = 8.1;
						DevelopmentTeam = D5SNDYZ6G9;
						ProvisioningStyle = Automatic;
						TestTargetID = 50841EA51DFFE0E600596ACC;
					};
				};
			};
			buildConfigurationList = 50841EA11DFFE0E600596ACC /* Build configuration list for PBXProject "iOSAutoBuildManual" */;
			compatibilityVersion = "Xcode 3.2";
			developmentRegion = English;
			hasScannedForEncodings = 0;
			knownRegions = (
				en,
				Base,
			);
			mainGroup = 50841E9D1DFFE0E600596ACC;
			productRefGroup = 50841EA71DFFE0E600596ACC /* Products */;
			projectDirPath = "";
			projectRoot = "";
			targets = (
				50841EA51DFFE0E600596ACC /* iOSAutoBuildManual */,
				50841EB91DFFE0E600596ACC /* iOSAutoBuildManualTests */,
			);
		};
/* End PBXProject section */

/* Begin PBXResourcesBuildPhase section */
		50841EA41DFFE0E600596ACC /* Resources */ = {
			isa = PBXResourcesBuildPhase;
			buildActionMask = 2147483647;
			files = (
				50841EB41DFFE0E600596ACC /* LaunchScreen.storyboard in Resources */,
				50841EB11DFFE0E600596ACC /* Assets.xcassets in Resources */,
				50841EAF1DFFE0E600596ACC /* Main.storyboard in Resources */,
			);
			runOnlyForDeploymentPostprocessing = 0;
		};
		50841EB81DFFE0E600596ACC /* Resources */ = {
			isa = PBXResourcesBuildPhase;
			buildActionMask = 2147483647;
			files = (
			);
			runOnlyForDeploymentPostprocessing = 0;
		};
/* End PBXResourcesBuildPhase section */

/* Begin PBXSourcesBuildPhase section */
		50841EA21DFFE0E600596ACC /* Sources */ = {
			isa = PBXSourcesBuildPhase;
			buildActionMask = 2147483647;
			files = (
				50841EAC1DFFE0E600596ACC /* ViewController.swift in Sources */,
				50841EAA1DFFE0E600596ACC /* AppDelegate.swift in Sources */,
				50DDD1C01DFFE1F600F88E90 /* NumberOperationUtility.swift in Sources */,
			);
			runOnlyForDeploymentPostprocessing = 0;
		};
		50841EB61DFFE0E600596ACC /* Sources */ = {
			isa = PBXSourcesBuildPhase;
			buildActionMask = 2147483647;
			files = (
				50841EBF1DFFE0E600596ACC /* iOSAutoBuildManualTests.swift in Sources */,
				50DDD1C11DFFE1F600F88E90 /* NumberOperationUtility.swift in Sources */,
			);
			runOnlyForDeploymentPostprocessing = 0;
		};
/* End PBXSourcesBuildPhase section */

/* Begin PBXTargetDependency section */
		50841EBC1DFFE0E600596ACC /* PBXTargetDependency */ = {
			isa = PBXTargetDependency;
			target = 50841EA51DFFE0E600596ACC /* iOSAutoBuildManual */;
			targetProxy = 50841EBB1DFFE0E600596ACC /* PBXContainerItemProxy */;
		};
/* End PBXTargetDependency section */

/* Begin PBXVariantGroup section */
		50841EAD1DFFE0E600596ACC /* Main.storyboard */ = {
			isa = PBXVariantGroup;
			children = (
				50841EAE1DFFE0E600596ACC /* Base */,
			);
			name = Main.storyboard;
			sourceTree = "<group>";
		};
		50841EB21DFFE0E600596ACC /* LaunchScreen.storyboard */ = {
			isa = PBXVariantGroup;
			children = (
				50841EB31DFFE0E600596ACC /* Base */,
			);
			name = LaunchScreen.storyboard;
			sourceTree = "<group>";
		};
/* End PBXVariantGroup section */

/* Begin XCBuildConfiguration section */
		50841EC11DFFE0E600596ACC /* Debug */ = {
			isa = XCBuildConfiguration;
			buildSettings = {
				ALWAYS_SEARCH_USER_PATHS = NO;
				CLANG_ANALYZER_NONNULL = YES;
				CLANG_CXX_LANGUAGE_STANDARD = "gnu++0x";
				CLANG_CXX_LIBRARY = "libc++";
				CLANG_ENABLE_MODULES = YES;
				CLANG_ENABLE_OBJC_ARC = YES;
				CLANG_WARN_BOOL_CONVERSION = YES;
				CLANG_WARN_CONSTANT_CONVERSION = YES;
				CLANG_WARN_DIRECT_OBJC_ISA_USAGE = YES_ERROR;
				CLANG_WARN_DOCUMENTATION_COMMENTS = YES;
				CLANG_WARN_EMPTY_BODY = YES;
				CLANG_WARN_ENUM_CONVERSION = YES;
				CLANG_WARN_INFINITE_RECURSION = YES;
				CLANG_WARN_INT_CONVERSION = YES;
				CLANG_WARN_OBJC_ROOT_CLASS = YES_ERROR;
				CLANG_WARN_SUSPICIOUS_MOVES = YES;
				CLANG_WARN_UNREACHABLE_CODE = YES;
				CLANG_WARN__DUPLICATE_METHOD_MATCH = YES;
				"CODE_SIGN_IDENTITY[sdk=iphoneos*]" = "iPhone Developer";
				COPY_PHASE_STRIP = NO;
				DEBUG_INFORMATION_FORMAT = dwarf;
				ENABLE_STRICT_OBJC_MSGSEND = YES;
				ENABLE_TESTABILITY = YES;
				GCC_C_LANGUAGE_STANDARD = gnu99;
				GCC_DYNAMIC_NO_PIC = NO;
				GCC_NO_COMMON_BLOCKS = YES;
				GCC_OPTIMIZATION_LEVEL = 0;
				GCC_PREPROCESSOR_DEFINITIONS = (
					"DEBUG=1",
					"$(inherited)",
				);
				GCC_WARN_64_TO_32_BIT_CONVERSION = YES;
				GCC_WARN_ABOUT_RETURN_TYPE = YES_ERROR;
				GCC_WARN_UNDECLARED_SELECTOR = YES;
				GCC_WARN_UNINITIALIZED_AUTOS = YES_AGGRESSIVE;
				GCC_WARN_UNUSED_FUNCTION = YES;
				GCC_WARN_UNUSED_VARIABLE = YES;
				IPHONEOS_DEPLOYMENT_TARGET = 10.1;
				MTL_ENABLE_DEBUG_INFO = YES;
				ONLY_ACTIVE_ARCH = YES;
				SDKROOT = iphoneos;
				SWIFT_ACTIVE_COMPILATION_CONDITIONS = DEBUG;
				SWIFT_OPTIMIZATION_LEVEL = "-Onone";
			};
			name = Debug;
		};
		50841EC21DFFE0E600596ACC /* Release */ = {
			isa = XCBuildConfiguration;
			buildSettings = {
				ALWAYS_SEARCH_USER_PATHS = NO;
				CLANG_ANALYZER_NONNULL = YES;
				CLANG_CXX_LANGUAGE_STANDARD = "gnu++0x";
				CLANG_CXX_LIBRARY = "libc++";
				CLANG_ENABLE_MODULES = YES;
				CLANG_ENABLE_OBJC_ARC = YES;
				CLANG_WARN_BOOL_CONVERSION = YES;
				CLANG_WARN_CONSTANT_CONVERSION = YES;
				CLANG_WARN_DIRECT_OBJC_ISA_USAGE = YES_ERROR;
				CLANG_WARN_DOCUMENTATION_COMMENTS = YES;
				CLANG_WARN_EMPTY_BODY = YES;
				CLANG_WARN_ENUM_CONVERSION = YES;
				CLANG_WARN_INFINITE_RECURSION = YES;
				CLANG_WARN_INT_CONVERSION = YES;
				CLANG_WARN_OBJC_ROOT_CLASS = YES_ERROR;
				CLANG_WARN_SUSPICIOUS_MOVES = YES;
				CLANG_WARN_UNREACHABLE_CODE = YES;
				CLANG_WARN__DUPLICATE_METHOD_MATCH = YES;
				"CODE_SIGN_IDENTITY[sdk=iphoneos*]" = "iPhone Developer";
				COPY_PHASE_STRIP = NO;
				DEBUG_INFORMATION_FORMAT = "dwarf-with-dsym";
				ENABLE_NS_ASSERTIONS = NO;
				ENABLE_STRICT_OBJC_MSGSEND = YES;
				GCC_C_LANGUAGE_STANDARD = gnu99;
				GCC_NO_COMMON_BLOCKS = YES;
				GCC_WARN_64_TO_32_BIT_CONVERSION = YES;
				GCC_WARN_ABOUT_RETURN_TYPE = YES_ERROR;
				GCC_WARN_UNDECLARED_SELECTOR = YES;
				GCC_WARN_UNINITIALIZED_AUTOS = YES_AGGRESSIVE;
				GCC_WARN_UNUSED_FUNCTION = YES;
				GCC_WARN_UNUSED_VARIABLE = YES;
				IPHONEOS_DEPLOYMENT_TARGET = 10.1;
				MTL_ENABLE_DEBUG_INFO = NO;
				SDKROOT = iphoneos;
				SWIFT_OPTIMIZATION_LEVEL = "-Owholemodule";
				VALIDATE_PRODUCT = YES;
			};
			name = Release;
		};
		50841EC41DFFE0E600596ACC /* Debug */ = {
			isa = XCBuildConfiguration;
			buildSettings = {
				ASSETCATALOG_COMPILER_APPICON_NAME = AppIcon;
				CODE_SIGN_IDENTITY = "iPhone Distribution: Powen Hsueh (D5SNDYZ6G9)";
				"CODE_SIGN_IDENTITY[sdk=iphoneos*]" = "iPhone Distribution: Powen Hsueh (D5SNDYZ6G9)";
				DEVELOPMENT_TEAM = D5SNDYZ6G9;
				INFOPLIST_FILE = iOSAutoBuildManual/Info.plist;
				LD_RUNPATH_SEARCH_PATHS = "$(inherited) @executable_path/Frameworks";
				PRODUCT_BUNDLE_IDENTIFIER = com.bowen.iOSAutoBuildManual;
				PRODUCT_NAME = "$(TARGET_NAME)";
				PROVISIONING_PROFILE = "69d3b301-8c4b-4e6a-a73c-afda5abc7f35";
				PROVISIONING_PROFILE_SPECIFIER = iOSAutoBuildManual_Dis;
				SWIFT_VERSION = 3.0;
			};
			name = Debug;
		};
		50841EC51DFFE0E600596ACC /* Release */ = {
			isa = XCBuildConfiguration;
			buildSettings = {
				ASSETCATALOG_COMPILER_APPICON_NAME = AppIcon;
				CODE_SIGN_IDENTITY = "iPhone Distribution: Powen Hsueh (D5SNDYZ6G9)";
				DEVELOPMENT_TEAM = D5SNDYZ6G9;
				INFOPLIST_FILE = iOSAutoBuildManual/Info.plist;
				LD_RUNPATH_SEARCH_PATHS = "$(inherited) @executable_path/Frameworks";
				PRODUCT_BUNDLE_IDENTIFIER = com.bowen.iOSAutoBuildManual;
				PRODUCT_NAME = "$(TARGET_NAME)";
				PROVISIONING_PROFILE = "69d3b301-8c4b-4e6a-a73c-afda5abc7f35";
				PROVISIONING_PROFILE_SPECIFIER = iOSAutoBuildManual_Dis;
				SWIFT_VERSION = 3.0;
			};
			name = Release;
		};
		50841EC71DFFE0E600596ACC /* Debug */ = {
			isa = XCBuildConfiguration;
			buildSettings = {
				ALWAYS_EMBED_SWIFT_STANDARD_LIBRARIES = YES;
				BUNDLE_LOADER = "$(TEST_HOST)";
				DEVELOPMENT_TEAM = D5SNDYZ6G9;
				INFOPLIST_FILE = iOSAutoBuildManualTests/Info.plist;
				LD_RUNPATH_SEARCH_PATHS = "$(inherited) @executable_path/Frameworks @loader_path/Frameworks";
				PRODUCT_BUNDLE_IDENTIFIER = com.bowen.iOSAutoBuildManual.iOSAutoBuildManualTests;
				PRODUCT_NAME = "$(TARGET_NAME)";
				SWIFT_VERSION = 3.0;
				TEST_HOST = "$(BUILT_PRODUCTS_DIR)/iOSAutoBuildManual.app/iOSAutoBuildManual";
			};
			name = Debug;
		};
		50841EC81DFFE0E600596ACC /* Release */ = {
			isa = XCBuildConfiguration;
			buildSettings = {
				ALWAYS_EMBED_SWIFT_STANDARD_LIBRARIES = YES;
				BUNDLE_LOADER = "$(TEST_HOST)";
				DEVELOPMENT_TEAM = D5SNDYZ6G9;
				INFOPLIST_FILE = iOSAutoBuildManualTests/Info.plist;
				LD_RUNPATH_SEARCH_PATHS = "$(inherited) @executable_path/Frameworks @loader_path/Frameworks";
				PRODUCT_BUNDLE_IDENTIFIER = com.bowen.iOSAutoBuildManual.iOSAutoBuildManualTests;
				PRODUCT_NAME = "$(TARGET_NAME)";
				SWIFT_VERSION = 3.0;
				TEST_HOST = "$(BUILT_PRODUCTS_DIR)/iOSAutoBuildManual.app/iOSAutoBuildManual";
			};
			name = Release;
		};
/* End XCBuildConfiguration section */

/* Begin XCConfigurationList section */
		50841EA11DFFE0E600596ACC /* Build configuration list for PBXProject "iOSAutoBuildManual" */ = {
			isa = XCConfigurationList;
			buildConfigurations = (
				50841EC11DFFE0E600596ACC /* Debug */,
				50841EC21DFFE0E600596ACC /* Release */,
			);
			defaultConfigurationIsVisible = 0;
			defaultConfigurationName = Release;
		};
		50841EC31DFFE0E600596ACC /* Build configuration list for PBXNativeTarget "iOSAutoBuildManual" */ = {
			isa = XCConfigurationList;
			buildConfigurations = (
				50841EC41DFFE0E600596ACC /* Debug */,
				50841EC51DFFE0E600596ACC /* Release */,
			);
			defaultConfigurationIsVisible = 0;
			defaultConfigurationName = Release;
		};
		50841EC61DFFE0E600596ACC /* Build configuration list for PBXNativeTarget "iOSAutoBuildManualTests" */ = {
			isa = XCConfigurationList;
			buildConfigurations = (
				50841EC71DFFE0E600596ACC /* Debug */,
				50841EC81DFFE0E600596ACC /* Release */,
			);
			defaultConfigurationIsVisible = 0;
			defaultConfigurationName = Release;
		};
/* End XCConfigurationList section */
	};
	rootObject = 50841E9E1DFFE0E600596ACC /* Project object */;
}
